{
  "name": "task-manager",
  "lockfileVersion": 3,
  "requires": true,
  "packages": {
    "": {
      "dependencies": {
        "driver.js": "^1.3.5"
      }
    },
    "node_modules/driver.js": {
      "version": "1.3.5",
      "resolved": "https://registry.npmjs.org/driver.js/-/driver.js-1.3.5.tgz",
      "integrity": "sha512-exkp49hXuujvTOZ3zYgySWRlEAa8/3nA8glYjtuZjmkTdsQITXivBsW1ytyhKQx3WkeYaovlnvVcLbtTaN86kA==",
      "license": "MIT"
    }
  }
}
