lockfileVersion: '9.0'

settings:
  autoInstallPeers: true
  excludeLinksFromLockfile: false

importers:

  .:
    dependencies:
      driver.js:
        specifier: ^1.3.5
        version: 1.3.5

packages:

  driver.js@1.3.5:
    resolution: {integrity: sha512-exkp49hXuujvTOZ3zYgySWRlEAa8/3nA8glYjtuZjmkTdsQITXivBsW1ytyhKQx3WkeYaovlnvVcLbtTaN86kA==}

snapshots:

  driver.js@1.3.5: {}
